
Microsoft Visual Studio Solution File, Format Version 12.00
# Visual Studio Version 16
VisualStudioVersion = 16.0.30225.117
MinimumVisualStudioVersion = 10.0.40219.1
Project("{8BC9CEB8-8B4A-11D0-8D11-00A0C91BC942}") = "TestMFCApplication", "TestMFCApplication.vcxproj", "{94FC7164-2697-4AE4-B961-92B31491E963}"
EndProject
Global
	GlobalSection(SolutionConfigurationPlatforms) = preSolution
		Debug|x64 = Debug|x64
		Debug|x86 = Debug|x86
		Release|x64 = Release|x64
		Release|x86 = Release|x86
	EndGlobalSection
	GlobalSection(ProjectConfigurationPlatforms) = postSolution
		{94FC7164-2697-4AE4-B961-92B31491E963}.Debug|x64.ActiveCfg = Debug|x64
		{94FC7164-2697-4AE4-B961-92B31491E963}.Debug|x64.Build.0 = Debug|x64
		{94FC7164-2697-4AE4-B961-92B31491E963}.Debug|x86.ActiveCfg = Debug|Win32
		{94FC7164-2697-4AE4-B961-92B31491E963}.Debug|x86.Build.0 = Debug|Win32
		{94FC7164-2697-4AE4-B961-92B31491E963}.Release|x64.ActiveCfg = Release|x64
		{94FC7164-2697-4AE4-B961-92B31491E963}.Release|x64.Build.0 = Release|x64
		{94FC7164-2697-4AE4-B961-92B31491E963}.Release|x86.ActiveCfg = Release|Win32
		{94FC7164-2697-4AE4-B961-92B31491E963}.Release|x86.Build.0 = Release|Win32
	EndGlobalSection
	GlobalSection(SolutionProperties) = preSolution
		HideSolutionNode = FALSE
	EndGlobalSection
	GlobalSection(ExtensibilityGlobals) = postSolution
		SolutionGuid = {A416D5A9-9C49-420E-961C-63F5A6782AF1}
	EndGlobalSection
EndGlobal
